# THIS IS AN AUTOGENERATED FILE. DO NOT EDIT THIS FILE DIRECTLY.
# yarn lockfile v1


"@fortawesome/fontawesome-free@^5.3.1":
  version "5.4.1"
  resolved "https://registry.yarnpkg.com/@fortawesome/fontawesome-free/-/fontawesome-free-5.4.1.tgz#6194786c1a705ab84253e06429834466670e3c3f"

"@types/jquery@^2.0.40":
  version "2.0.51"
  resolved "https://registry.yarnpkg.com/@types/jquery/-/jquery-2.0.51.tgz#d0c728663de8905457a26c8891ac08ad2b3539c9"

highlightjs@^9.10.0:
  version "9.12.0"
  resolved "https://registry.yarnpkg.com/highlightjs/-/highlightjs-9.12.0.tgz#9b84eb42a7aa8488eb69ac79fec44cf495bf72a1"

timeago.js@^3.0.2:
  version "3.0.2"
  resolved "https://registry.yarnpkg.com/timeago.js/-/timeago.js-3.0.2.tgz#32a67e7c0d887ea42ca588d3aae26f77de5e76cc"
  dependencies:
    "@types/jquery" "^2.0.40"
