# THIS IS AN AUTOGENERATED FILE. DO NOT EDIT THIS FILE DIRECTLY.
# yarn lockfile v1


"@fortawesome/fontawesome-free@^5.3.1":
  version "5.5.0"
  resolved "https://registry.yarnpkg.com/@fortawesome/fontawesome-free/-/fontawesome-free-5.5.0.tgz#0c6c53823d04457ae669cd19567b8a21dbb4fcfd"
  integrity sha512-p4lu0jfj5QN013ddArh99r3OXZ/fp9rbovs62LfaO70OMBsAXxtNd0lAq/97fitrscR0fqfd+/a5KNcp6Sh/0A==

"@types/jquery@^2.0.40":
  version "2.0.51"
  resolved "https://registry.yarnpkg.com/@types/jquery/-/jquery-2.0.51.tgz#d0c728663de8905457a26c8891ac08ad2b3539c9"
  integrity sha512-+vtCjz+pzr5KkaX/GMnVF0YtQqkm+oVcdBH0Q7zCxdwk42c71xJ9hT1b6Mbn4Kf7CAxSHvkWF1LRdpYwUM+pcg==

highlightjs@^9.10.0:
  version "9.12.0"
  resolved "https://registry.yarnpkg.com/highlightjs/-/highlightjs-9.12.0.tgz#9b84eb42a7aa8488eb69ac79fec44cf495bf72a1"
  integrity sha512-eAhWMtDZaOZIQdxIP4UEB1vNp/CVXQPdMSihTSuaExhFIRC0BVpXbtP3mTP1hDoGOyh7nbB3cuC3sOPhG5wGDA==

timeago.js@^3.0.2:
  version "3.0.2"
  resolved "https://registry.yarnpkg.com/timeago.js/-/timeago.js-3.0.2.tgz#32a67e7c0d887ea42ca588d3aae26f77de5e76cc"
  integrity sha1-MqZ+fA2IfqQspYjTquJvd95edsw=
  dependencies:
    "@types/jquery" "^2.0.40"
