# THIS IS AN AUTOGENERATED FILE. DO NOT EDIT THIS FILE DIRECTLY.
# yarn lockfile v1


"@fortawesome/fontawesome-free@^5.3.1":
  version "5.8.1"
  resolved "https://registry.yarnpkg.com/@fortawesome/fontawesome-free/-/fontawesome-free-5.8.1.tgz#cbafbfe8894c4e3e3c3a9da6774e249ac1f2da8b"
  integrity sha512-GJtx6e55qLEOy2gPOsok2lohjpdWNGrYGtQx0FFT/++K4SYx+Z8LlPHdQBaFzKEwH5IbBB4fNgb//uyZjgYXoA==

"@types/jquery@^2.0.40":
  version "2.0.53"
  resolved "https://registry.yarnpkg.com/@types/jquery/-/jquery-2.0.53.tgz#89c53bc83d820e50c3b667ae2fdf4276df8b3aba"
  integrity sha512-MZKPWUhp5TKkoJ/58NSq6io+CSUCOHm2b3Z6U4+r9v70kktB0JM+eRjdp6YmDHtw0kK2XB7L2K7/FMIoziHjUA==

highlightjs@^9.10.0:
  version "9.12.0"
  resolved "https://registry.yarnpkg.com/highlightjs/-/highlightjs-9.12.0.tgz#9b84eb42a7aa8488eb69ac79fec44cf495bf72a1"
  integrity sha512-eAhWMtDZaOZIQdxIP4UEB1vNp/CVXQPdMSihTSuaExhFIRC0BVpXbtP3mTP1hDoGOyh7nbB3cuC3sOPhG5wGDA==

timeago.js@^3.0.2:
  version "3.0.2"
  resolved "https://registry.yarnpkg.com/timeago.js/-/timeago.js-3.0.2.tgz#32a67e7c0d887ea42ca588d3aae26f77de5e76cc"
  integrity sha1-MqZ+fA2IfqQspYjTquJvd95edsw=
  dependencies:
    "@types/jquery" "^2.0.40"
